
Microsoft Visual Studio Solution File, Format Version 12.00
# Visual Studio 15
VisualStudioVersion = 15.0.27130.2010
MinimumVisualStudioVersion = 10.0.40219.1
Project("{FAE04EC0-301F-11D3-BF4B-00C04F79EFBC}") = "Zyronator", "Zyronator\Zyronator.csproj", "{13DD978C-FE84-4018-8C4B-2FC9FE0BCD7A}"
EndProject
Project("{FAE04EC0-301F-11D3-BF4B-00C04F79EFBC}") = "ZyronatorTests", "ZyronatorTests\ZyronatorTests.csproj", "{B5DD79FC-28A6-4C82-9FD2-1B89E843405C}"
EndProject
Project("{FAE04EC0-301F-11D3-BF4B-00C04F79EFBC}") = "ZyronatorShared", "ZyronatorShared\ZyronatorShared.csproj", "{5289B75D-B894-45EF-832E-FC815341B556}"
EndProject
Project("{FAE04EC0-301F-11D3-BF4B-00C04F79EFBC}") = "ZyronatorSharedTests", "ZyronatorSharedTests\ZyronatorSharedTests.csproj", "{6836DBA3-28D2-4C46-9C5E-4A814FF39B1E}"
EndProject
Global
	GlobalSection(SolutionConfigurationPlatforms) = preSolution
		Debug|Any CPU = Debug|Any CPU
		Release|Any CPU = Release|Any CPU
	EndGlobalSection
	GlobalSection(ProjectConfigurationPlatforms) = postSolution
		{13DD978C-FE84-4018-8C4B-2FC9FE0BCD7A}.Debug|Any CPU.ActiveCfg = Debug|Any CPU
		{13DD978C-FE84-4018-8C4B-2FC9FE0BCD7A}.Debug|Any CPU.Build.0 = Debug|Any CPU
		{13DD978C-FE84-4018-8C4B-2FC9FE0BCD7A}.Release|Any CPU.ActiveCfg = Release|Any CPU
		{13DD978C-FE84-4018-8C4B-2FC9FE0BCD7A}.Release|Any CPU.Build.0 = Release|Any CPU
		{B5DD79FC-28A6-4C82-9FD2-1B89E843405C}.Debug|Any CPU.ActiveCfg = Debug|Any CPU
		{B5DD79FC-28A6-4C82-9FD2-1B89E843405C}.Debug|Any CPU.Build.0 = Debug|Any CPU
		{B5DD79FC-28A6-4C82-9FD2-1B89E843405C}.Release|Any CPU.ActiveCfg = Release|Any CPU
		{B5DD79FC-28A6-4C82-9FD2-1B89E843405C}.Release|Any CPU.Build.0 = Release|Any CPU
		{5289B75D-B894-45EF-832E-FC815341B556}.Debug|Any CPU.ActiveCfg = Debug|Any CPU
		{5289B75D-B894-45EF-832E-FC815341B556}.Debug|Any CPU.Build.0 = Debug|Any CPU
		{5289B75D-B894-45EF-832E-FC815341B556}.Release|Any CPU.ActiveCfg = Release|Any CPU
		{5289B75D-B894-45EF-832E-FC815341B556}.Release|Any CPU.Build.0 = Release|Any CPU
		{6836DBA3-28D2-4C46-9C5E-4A814FF39B1E}.Debug|Any CPU.ActiveCfg = Debug|Any CPU
		{6836DBA3-28D2-4C46-9C5E-4A814FF39B1E}.Debug|Any CPU.Build.0 = Debug|Any CPU
		{6836DBA3-28D2-4C46-9C5E-4A814FF39B1E}.Release|Any CPU.ActiveCfg = Release|Any CPU
		{6836DBA3-28D2-4C46-9C5E-4A814FF39B1E}.Release|Any CPU.Build.0 = Release|Any CPU
	EndGlobalSection
	GlobalSection(SolutionProperties) = preSolution
		HideSolutionNode = FALSE
	EndGlobalSection
	GlobalSection(ExtensibilityGlobals) = postSolution
		SolutionGuid = {EB4B4A31-9BA9-4EAD-BD17-CDAB9688C82C}
	EndGlobalSection
EndGlobal
